
Microsoft Visual Studio Solution File, Format Version 12.00
# Visual Studio Version 17
VisualStudioVersion = 17.6.33829.357
MinimumVisualStudioVersion = 10.0.40219.1
Project("{FAE04EC0-301F-11D3-BF4B-00C04F79EFBC}") = "lifegame", "lifegame.csproj", "{90C18562-EB8B-46C3-A66C-4106DA7F2A13}"
EndProject
Global
	GlobalSection(SolutionConfigurationPlatforms) = preSolution
		Debug|Any CPU = Debug|Any CPU
		Release|Any CPU = Release|Any CPU
	EndGlobalSection
	GlobalSection(ProjectConfigurationPlatforms) = postSolution
		{90C18562-EB8B-46C3-A66C-4106DA7F2A13}.Debug|Any CPU.ActiveCfg = Debug|Any CPU
		{90C18562-EB8B-46C3-A66C-4106DA7F2A13}.Debug|Any CPU.Build.0 = Debug|Any CPU
		{90C18562-EB8B-46C3-A66C-4106DA7F2A13}.Release|Any CPU.ActiveCfg = Release|Any CPU
		{90C18562-EB8B-46C3-A66C-4106DA7F2A13}.Release|Any CPU.Build.0 = Release|Any CPU
	EndGlobalSection
	GlobalSection(SolutionProperties) = preSolution
		HideSolutionNode = FALSE
	EndGlobalSection
	GlobalSection(ExtensibilityGlobals) = postSolution
		SolutionGuid = {D90D68D3-8DEC-4D6A-B65F-76BE0B7F951A}
	EndGlobalSection
EndGlobal
